
Microsoft Visual Studio Solution File, Format Version 12.00
# Visual Studio Version 17
VisualStudioVersion = 17.7.34009.444
MinimumVisualStudioVersion = 10.0.40219.1
Project("{FAE04EC0-301F-11D3-BF4B-00C04F79EFBC}") = "Architecture_API", "Architecture_API.csproj", "{900DB5C7-0826-413D-A8C8-730BDF7F7998}"
EndProject
Global
	GlobalSection(SolutionConfigurationPlatforms) = preSolution
		Debug|Any CPU = Debug|Any CPU
		Release|Any CPU = Release|Any CPU
	EndGlobalSection
	GlobalSection(ProjectConfigurationPlatforms) = postSolution
		{900DB5C7-0826-413D-A8C8-730BDF7F7998}.Debug|Any CPU.ActiveCfg = Debug|Any CPU
		{900DB5C7-0826-413D-A8C8-730BDF7F7998}.Debug|Any CPU.Build.0 = Debug|Any CPU
		{900DB5C7-0826-413D-A8C8-730BDF7F7998}.Release|Any CPU.ActiveCfg = Release|Any CPU
		{900DB5C7-0826-413D-A8C8-730BDF7F7998}.Release|Any CPU.Build.0 = Release|Any CPU
	EndGlobalSection
	GlobalSection(SolutionProperties) = preSolution
		HideSolutionNode = FALSE
	EndGlobalSection
	GlobalSection(ExtensibilityGlobals) = postSolution
		SolutionGuid = {51DC71C1-A270-43A9-A0BA-97A9CD9ABBC5}
	EndGlobalSection
EndGlobal
